{
  "name": "website",
  "version": "1.0.0",
  "lockfileVersion": 3,
  "requires": true,
  "packages": {
    "": {
      "name": "website",
      "version": "1.0.0",
      "license": "ISC",
      "dependencies": {
        "clsx": "^2.1.1",
        "lucide-react": "^1.31.0",
        "motion": "^13.0.0",
        "tailwind-merge": "^3.6.0"
      }
    },
    "node_modules/clsx": {
      "version": "2.1.1",
      "resolved": "https://registry.npmjs.org/clsx/-/clsx-2.1.1.tgz",
      "integrity": "sha512-eYm0QWBtUrBWZWG0d386OGAw16Z995PiOVo2B7bjWSbHedGl5e0ZWaq65kOGgUSNesEIDkB9ISbTg/JK9dhCZA==",
      "license": "MIT",
      "engines": {
        "node": ">=6"
      }
    },
    "node_modules/framer-motion": {
      "version": "13.0.0",
      "resolved": "https://registry.npmjs.org/framer-motion/-/framer-motion-13.0.0.tgz",
      "integrity": "sha512-nQGZXlsiigN48nzvE7AL1GLekql+etcphp8v+PQ0X04oxO20yVmV9rU9XQ25c136RdeIYoaWlKT9oAwvJza3mg==",
      "license": "MIT",
      "dependencies": {
        "motion-dom": "^13.0.0",
        "motion-utils": "^13.0.0",
        "tslib": "^2.4.0"
      },
      "peerDependencies": {
        "react": "^18.0.0 || ^19.0.0",
        "react-dom": "^18.0.0 || ^19.0.0"
      },
      "peerDependenciesMeta": {
        "react": {
          "optional": true
        },
        "react-dom": {
          "optional": true
        }
      }
    },
    "node_modules/lucide-react": {
      "version": "1.31.0",
      "resolved": "https://registry.npmjs.org/lucide-react/-/lucide-react-1.31.0.tgz",
      "integrity": "sha512-G8u2eEtoHUnUa9f8lbvqDhCiORMnYLdUEo06EEG9MQvHQrInKcX3Pa2TH39MM5qyzRcWETxB0+aOwAPI1g1kEg==",
      "license": "ISC",
      "peerDependencies": {
        "react": "^16.5.1 || ^17.0.0 || ^18.0.0 || ^19.0.0"
      }
    },
    "node_modules/motion": {
      "version": "13.0.0",
      "resolved": "https://registry.npmjs.org/motion/-/motion-13.0.0.tgz",
      "integrity": "sha512-RYZjEpgHUCKjBNqjmUQzW93VJWLvEZGTPdKRFSqOdOl07IIMvz+WrsZmD1XXAkoFLruW/8bO1L7UF+ViQTxtLg==",
      "license": "MIT",
      "dependencies": {
        "framer-motion": "^13.0.0",
        "tslib": "^2.4.0"
      },
      "peerDependencies": {
        "react": "^18.0.0 || ^19.0.0",
        "react-dom": "^18.0.0 || ^19.0.0"
      },
      "peerDependenciesMeta": {
        "react": {
          "optional": true
        },
        "react-dom": {
          "optional": true
        }
      }
    },
    "node_modules/motion-dom": {
      "version": "13.0.0",
      "resolved": "https://registry.npmjs.org/motion-dom/-/motion-dom-13.0.0.tgz",
      "integrity": "sha512-Xk+SJas70uMAUIApg+m3lZDShxI3LBFHq7mFGbBKoRXc2PVPDyAKmzN64Bbzt4CZdP/CItTiJxWtn4TA0v53Ng==",
      "license": "MIT",
      "dependencies": {
        "motion-utils": "^13.0.0"
      }
    },
    "node_modules/motion-utils": {
      "version": "13.0.0",
      "resolved": "https://registry.npmjs.org/motion-utils/-/motion-utils-13.0.0.tgz",
      "integrity": "sha512-7DnN7TmbLcYXcG4RVadXIihWlyuM9afoUww8Y5Agg431kGKiuL2/OMyP4mJ5wLz+pvN3t5ySClLOaVXJ+wekRQ==",
      "license": "MIT"
    },
    "node_modules/react": {
      "version": "19.2.8",
      "resolved": "https://registry.npmjs.org/react/-/react-19.2.8.tgz",
      "integrity": "sha512-PWaYA1L/q9u2u7xYQi+Y3L3Yfnie7XyLeaJICV1MGD6LprsBxcAqGjYyr0eY3p+QdsA+x/Irkt4Qif8D63+Sbw==",
      "license": "MIT",
      "peer": true,
      "engines": {
        "node": ">=0.10.0"
      }
    },
    "node_modules/tailwind-merge": {
      "version": "3.6.0",
      "resolved": "https://registry.npmjs.org/tailwind-merge/-/tailwind-merge-3.6.0.tgz",
      "integrity": "sha512-uxL7qAVQriqRQPAyK3pj66VqskWqoZ37PW94jwOTwNfq/z9oyu1V+eqrZqtR2+fCiXdYOZe/Modt8GtvqNzu+w==",
      "license": "MIT",
      "funding": {
        "type": "github",
        "url": "https://github.com/sponsors/dcastil"
      }
    },
    "node_modules/tslib": {
      "version": "2.8.1",
      "resolved": "https://registry.npmjs.org/tslib/-/tslib-2.8.1.tgz",
      "integrity": "sha512-oJFu94HQb+KVduSUQL7wnpmqnfmLsOA/nAh6b6EH0wCEoK0/mPeXU6c3wKDV83MkOuHPRHtSXKKU99IBazS/2w==",
      "license": "0BSD"
    }
  }
}
